// !$*UTF8*$!
{
	archiveVersion = 1;
	classes = {
	};
	objectVersion = 56;
	objects = {

/* Begin PBXBuildFile section */
		F013F3BC2ACE96FB00423AFF /* TylerApp.swift in Sources */ = {isa = PBXBuildFile; fileRef = F013F3BB2ACE96FB00423AFF /* TylerApp.swift */; };
		F013F3BE2ACE96FB00423AFF /* ContentView.swift in Sources */ = {isa = PBXBuildFile; fileRef = F013F3BD2ACE96FB00423AFF /* ContentView.swift */; };
		F013F3C02ACE96FE00423AFF /* Assets.xcassets in Resources */ = {isa = PBXBuildFile; fileRef = F013F3BF2ACE96FE00423AFF /* Assets.xcassets */; };
		F013F3C32ACE96FE00423AFF /* Preview Assets.xcassets in Resources */ = {isa = PBXBuildFile; fileRef = F013F3C22ACE96FE00423AFF /* Preview Assets.xcassets */; };
		F013F4182ACF025900423AFF /* RoundCorner.swift in Sources */ = {isa = PBXBuildFile; fileRef = F013F4172ACF025900423AFF /* RoundCorner.swift */; };
		F013F41A2ACF054F00423AFF /* Tyler.docc in Sources */ = {isa = PBXBuildFile; fileRef = F013F4192ACF054F00423AFF /* Tyler.docc */; };
		F013F41D2ACF1E4D00423AFF /* RoundCornerView.swift in Sources */ = {isa = PBXBuildFile; fileRef = F013F41C2ACF1E4D00423AFF /* RoundCornerView.swift */; };
/* End PBXBuildFile section */

/* Begin PBXFileReference section */
		F013F3B82ACE96FB00423AFF /* Tyler.app */ = {isa = PBXFileReference; explicitFileType = wrapper.application; includeInIndex = 0; path = Tyler.app; sourceTree = BUILT_PRODUCTS_DIR; };
		F013F3BB2ACE96FB00423AFF /* TylerApp.swift */ = {isa = PBXFileReference; lastKnownFileType = sourcecode.swift; path = TylerApp.swift; sourceTree = "<group>"; };
		F013F3BD2ACE96FB00423AFF /* ContentView.swift */ = {isa = PBXFileReference; lastKnownFileType = sourcecode.swift; path = ContentView.swift; sourceTree = "<group>"; };
		F013F3BF2ACE96FE00423AFF /* Assets.xcassets */ = {isa = PBXFileReference; lastKnownFileType = folder.assetcatalog; path = Assets.xcassets; sourceTree = "<group>"; };
		F013F3C22ACE96FE00423AFF /* Preview Assets.xcassets */ = {isa = PBXFileReference; lastKnownFileType = folder.assetcatalog; path = "Preview Assets.xcassets"; sourceTree = "<group>"; };
		F013F4172ACF025900423AFF /* RoundCorner.swift */ = {isa = PBXFileReference; lastKnownFileType = sourcecode.swift; path = RoundCorner.swift; sourceTree = "<group>"; };
		F013F4192ACF054F00423AFF /* Tyler.docc */ = {isa = PBXFileReference; lastKnownFileType = folder.documentationcatalog; path = Tyler.docc; sourceTree = "<group>"; };
		F013F41C2ACF1E4D00423AFF /* RoundCornerView.swift */ = {isa = PBXFileReference; lastKnownFileType = sourcecode.swift; path = RoundCornerView.swift; sourceTree = "<group>"; };
/* End PBXFileReference section */

/* Begin PBXFrameworksBuildPhase section */
		F013F3B52ACE96FB00423AFF /* Frameworks */ = {
			isa = PBXFrameworksBuildPhase;
			buildActionMask = 2147483647;
			files = (
			);
			runOnlyForDeploymentPostprocessing = 0;
		};
/* End PBXFrameworksBuildPhase section */

/* Begin PBXGroup section */
		F013F3AF2ACE96FB00423AFF = {
			isa = PBXGroup;
			children = (
				F013F3BA2ACE96FB00423AFF /* Tyler */,
				F013F3B92ACE96FB00423AFF /* Products */,
			);
			sourceTree = "<group>";
		};
		F013F3B92ACE96FB00423AFF /* Products */ = {
			isa = PBXGroup;
			children = (
				F013F3B82ACE96FB00423AFF /* Tyler.app */,
			);
			name = Products;
			sourceTree = "<group>";
		};
		F013F3BA2ACE96FB00423AFF /* Tyler */ = {
			isa = PBXGroup;
			children = (
				F013F3BB2ACE96FB00423AFF /* TylerApp.swift */,
				F013F3BD2ACE96FB00423AFF /* ContentView.swift */,
				F013F41B2ACF1E3B00423AFF /* RoundCorner */,
				F013F4192ACF054F00423AFF /* Tyler.docc */,
				F013F3BF2ACE96FE00423AFF /* Assets.xcassets */,
				F013F3C12ACE96FE00423AFF /* Preview Content */,
			);
			path = Tyler;
			sourceTree = "<group>";
		};
		F013F3C12ACE96FE00423AFF /* Preview Content */ = {
			isa = PBXGroup;
			children = (
				F013F3C22ACE96FE00423AFF /* Preview Assets.xcassets */,
			);
			path = "Preview Content";
			sourceTree = "<group>";
		};
		F013F41B2ACF1E3B00423AFF /* RoundCorner */ = {
			isa = PBXGroup;
			children = (
				F013F4172ACF025900423AFF /* RoundCorner.swift */,
				F013F41C2ACF1E4D00423AFF /* RoundCornerView.swift */,
			);
			path = RoundCorner;
			sourceTree = "<group>";
		};
/* End PBXGroup section */

/* Begin PBXNativeTarget section */
		F013F3B72ACE96FB00423AFF /* Tyler */ = {
			isa = PBXNativeTarget;
			buildConfigurationList = F013F3C62ACE96FE00423AFF /* Build configuration list for PBXNativeTarget "Tyler" */;
			buildPhases = (
				F013F3B42ACE96FB00423AFF /* Sources */,
				F013F3B52ACE96FB00423AFF /* Frameworks */,
				F013F3B62ACE96FB00423AFF /* Resources */,
			);
			buildRules = (
			);
			dependencies = (
			);
			name = Tyler;
			productName = Tyler;
			productReference = F013F3B82ACE96FB00423AFF /* Tyler.app */;
			productType = "com.apple.product-type.application";
		};
/* End PBXNativeTarget section */

/* Begin PBXProject section */
		F013F3B02ACE96FB00423AFF /* Project object */ = {
			isa = PBXProject;
			attributes = {
				BuildIndependentTargetsInParallel = 1;
				LastSwiftUpdateCheck = 1500;
				LastUpgradeCheck = 1500;
				TargetAttributes = {
					F013F3B72ACE96FB00423AFF = {
						CreatedOnToolsVersion = 15.0;
					};
				};
			};
			buildConfigurationList = F013F3B32ACE96FB00423AFF /* Build configuration list for PBXProject "Tyler" */;
			compatibilityVersion = "Xcode 14.0";
			developmentRegion = en;
			hasScannedForEncodings = 0;
			knownRegions = (
				en,
				Base,
			);
			mainGroup = F013F3AF2ACE96FB00423AFF;
			productRefGroup = F013F3B92ACE96FB00423AFF /* Products */;
			projectDirPath = "";
			projectRoot = "";
			targets = (
				F013F3B72ACE96FB00423AFF /* Tyler */,
			);
		};
/* End PBXProject section */

/* Begin PBXResourcesBuildPhase section */
		F013F3B62ACE96FB00423AFF /* Resources */ = {
			isa = PBXResourcesBuildPhase;
			buildActionMask = 2147483647;
			files = (
				F013F3C32ACE96FE00423AFF /* Preview Assets.xcassets in Resources */,
				F013F3C02ACE96FE00423AFF /* Assets.xcassets in Resources */,
			);
			runOnlyForDeploymentPostprocessing = 0;
		};
/* End PBXResourcesBuildPhase section */

/* Begin PBXSourcesBuildPhase section */
		F013F3B42ACE96FB00423AFF /* Sources */ = {
			isa = PBXSourcesBuildPhase;
			buildActionMask = 2147483647;
			files = (
				F013F3BE2ACE96FB00423AFF /* ContentView.swift in Sources */,
				F013F41A2ACF054F00423AFF /* Tyler.docc in Sources */,
				F013F3BC2ACE96FB00423AFF /* TylerApp.swift in Sources */,
				F013F4182ACF025900423AFF /* RoundCorner.swift in Sources */,
				F013F41D2ACF1E4D00423AFF /* RoundCornerView.swift in Sources */,
			);
			runOnlyForDeploymentPostprocessing = 0;
		};
/* End PBXSourcesBuildPhase section */

/* Begin XCBuildConfiguration section */
		F013F3C42ACE96FE00423AFF /* Debug */ = {
			isa = XCBuildConfiguration;
			buildSettings = {
				ALWAYS_SEARCH_USER_PATHS = NO;
				ASSETCATALOG_COMPILER_GENERATE_SWIFT_ASSET_SYMBOL_EXTENSIONS = YES;
				CLANG_ANALYZER_NONNULL = YES;
				CLANG_ANALYZER_NUMBER_OBJECT_CONVERSION = YES_AGGRESSIVE;
				CLANG_CXX_LANGUAGE_STANDARD = "gnu++20";
				CLANG_ENABLE_MODULES = YES;
				CLANG_ENABLE_OBJC_ARC = YES;
				CLANG_ENABLE_OBJC_WEAK = YES;
				CLANG_WARN_BLOCK_CAPTURE_AUTORELEASING = YES;
				CLANG_WARN_BOOL_CONVERSION = YES;
				CLANG_WARN_COMMA = YES;
				CLANG_WARN_CONSTANT_CONVERSION = YES;
				CLANG_WARN_DEPRECATED_OBJC_IMPLEMENTATIONS = YES;
				CLANG_WARN_DIRECT_OBJC_ISA_USAGE = YES_ERROR;
				CLANG_WARN_DOCUMENTATION_COMMENTS = YES;
				CLANG_WARN_EMPTY_BODY = YES;
				CLANG_WARN_ENUM_CONVERSION = YES;
				CLANG_WARN_INFINITE_RECURSION = YES;
				CLANG_WARN_INT_CONVERSION = YES;
				CLANG_WARN_NON_LITERAL_NULL_CONVERSION = YES;
				CLANG_WARN_OBJC_IMPLICIT_RETAIN_SELF = YES;
				CLANG_WARN_OBJC_LITERAL_CONVERSION = YES;
				CLANG_WARN_OBJC_ROOT_CLASS = YES_ERROR;
				CLANG_WARN_QUOTED_INCLUDE_IN_FRAMEWORK_HEADER = YES;
				CLANG_WARN_RANGE_LOOP_ANALYSIS = YES;
				CLANG_WARN_STRICT_PROTOTYPES = YES;
				CLANG_WARN_SUSPICIOUS_MOVE = YES;
				CLANG_WARN_UNGUARDED_AVAILABILITY = YES_AGGRESSIVE;
				CLANG_WARN_UNREACHABLE_CODE = YES;
				CLANG_WARN__DUPLICATE_METHOD_MATCH = YES;
				COPY_PHASE_STRIP = NO;
				DEBUG_INFORMATION_FORMAT = dwarf;
				ENABLE_STRICT_OBJC_MSGSEND = YES;
				ENABLE_TESTABILITY = YES;
				ENABLE_USER_SCRIPT_SANDBOXING = YES;
				GCC_C_LANGUAGE_STANDARD = gnu17;
				GCC_DYNAMIC_NO_PIC = NO;
				GCC_NO_COMMON_BLOCKS = YES;
				GCC_OPTIMIZATION_LEVEL = 0;
				GCC_PREPROCESSOR_DEFINITIONS = (
					"DEBUG=1",
					"$(inherited)",
				);
				GCC_WARN_64_TO_32_BIT_CONVERSION = YES;
				GCC_WARN_ABOUT_RETURN_TYPE = YES_ERROR;
				GCC_WARN_UNDECLARED_SELECTOR = YES;
				GCC_WARN_UNINITIALIZED_AUTOS = YES_AGGRESSIVE;
				GCC_WARN_UNUSED_FUNCTION = YES;
				GCC_WARN_UNUSED_VARIABLE = YES;
				IPHONEOS_DEPLOYMENT_TARGET = 17.0;
				LOCALIZATION_PREFERS_STRING_CATALOGS = YES;
				MTL_ENABLE_DEBUG_INFO = INCLUDE_SOURCE;
				MTL_FAST_MATH = YES;
				ONLY_ACTIVE_ARCH = YES;
				SDKROOT = iphoneos;
				SWIFT_ACTIVE_COMPILATION_CONDITIONS = "DEBUG $(inherited)";
				SWIFT_OPTIMIZATION_LEVEL = "-Onone";
			};
			name = Debug;
		};
		F013F3C52ACE96FE00423AFF /* Release */ = {
			isa = XCBuildConfiguration;
			buildSettings = {
				ALWAYS_SEARCH_USER_PATHS = NO;
				ASSETCATALOG_COMPILER_GENERATE_SWIFT_ASSET_SYMBOL_EXTENSIONS = YES;
				CLANG_ANALYZER_NONNULL = YES;
				CLANG_ANALYZER_NUMBER_OBJECT_CONVERSION = YES_AGGRESSIVE;
				CLANG_CXX_LANGUAGE_STANDARD = "gnu++20";
				CLANG_ENABLE_MODULES = YES;
				CLANG_ENABLE_OBJC_ARC = YES;
				CLANG_ENABLE_OBJC_WEAK = YES;
				CLANG_WARN_BLOCK_CAPTURE_AUTORELEASING = YES;
				CLANG_WARN_BOOL_CONVERSION = YES;
				CLANG_WARN_COMMA = YES;
				CLANG_WARN_CONSTANT_CONVERSION = YES;
				CLANG_WARN_DEPRECATED_OBJC_IMPLEMENTATIONS = YES;
				CLANG_WARN_DIRECT_OBJC_ISA_USAGE = YES_ERROR;
				CLANG_WARN_DOCUMENTATION_COMMENTS = YES;
				CLANG_WARN_EMPTY_BODY = YES;
				CLANG_WARN_ENUM_CONVERSION = YES;
				CLANG_WARN_INFINITE_RECURSION = YES;
				CLANG_WARN_INT_CONVERSION = YES;
				CLANG_WARN_NON_LITERAL_NULL_CONVERSION = YES;
				CLANG_WARN_OBJC_IMPLICIT_RETAIN_SELF = YES;
				CLANG_WARN_OBJC_LITERAL_CONVERSION = YES;
				CLANG_WARN_OBJC_ROOT_CLASS = YES_ERROR;
				CLANG_WARN_QUOTED_INCLUDE_IN_FRAMEWORK_HEADER = YES;
				CLANG_WARN_RANGE_LOOP_ANALYSIS = YES;
				CLANG_WARN_STRICT_PROTOTYPES = YES;
				CLANG_WARN_SUSPICIOUS_MOVE = YES;
				CLANG_WARN_UNGUARDED_AVAILABILITY = YES_AGGRESSIVE;
				CLANG_WARN_UNREACHABLE_CODE = YES;
				CLANG_WARN__DUPLICATE_METHOD_MATCH = YES;
				COPY_PHASE_STRIP = NO;
				DEBUG_INFORMATION_FORMAT = "dwarf-with-dsym";
				ENABLE_NS_ASSERTIONS = NO;
				ENABLE_STRICT_OBJC_MSGSEND = YES;
				ENABLE_USER_SCRIPT_SANDBOXING = YES;
				GCC_C_LANGUAGE_STANDARD = gnu17;
				GCC_NO_COMMON_BLOCKS = YES;
				GCC_WARN_64_TO_32_BIT_CONVERSION = YES;
				GCC_WARN_ABOUT_RETURN_TYPE = YES_ERROR;
				GCC_WARN_UNDECLARED_SELECTOR = YES;
				GCC_WARN_UNINITIALIZED_AUTOS = YES_AGGRESSIVE;
				GCC_WARN_UNUSED_FUNCTION = YES;
				GCC_WARN_UNUSED_VARIABLE = YES;
				IPHONEOS_DEPLOYMENT_TARGET = 17.0;
				LOCALIZATION_PREFERS_STRING_CATALOGS = YES;
				MTL_ENABLE_DEBUG_INFO = NO;
				MTL_FAST_MATH = YES;
				SDKROOT = iphoneos;
				SWIFT_COMPILATION_MODE = wholemodule;
				VALIDATE_PRODUCT = YES;
			};
			name = Release;
		};
		F013F3C72ACE96FE00423AFF /* Debug */ = {
			isa = XCBuildConfiguration;
			buildSettings = {
				ASSETCATALOG_COMPILER_APPICON_NAME = AppIcon;
				ASSETCATALOG_COMPILER_GLOBAL_ACCENT_COLOR_NAME = AccentColor;
				CODE_SIGN_STYLE = Automatic;
				CURRENT_PROJECT_VERSION = 1;
				DEVELOPMENT_ASSET_PATHS = "\"Tyler/Preview Content\"";
				DEVELOPMENT_TEAM = 77745NX67K;
				DOCC_HOSTING_BASE_PATH = Baseline;
				ENABLE_PREVIEWS = YES;
				GENERATE_INFOPLIST_FILE = YES;
				INFOPLIST_KEY_UIApplicationSceneManifest_Generation = YES;
				INFOPLIST_KEY_UIApplicationSupportsIndirectInputEvents = YES;
				INFOPLIST_KEY_UILaunchScreen_Generation = YES;
				INFOPLIST_KEY_UISupportedInterfaceOrientations_iPad = "UIInterfaceOrientationPortrait UIInterfaceOrientationPortraitUpsideDown UIInterfaceOrientationLandscapeLeft UIInterfaceOrientationLandscapeRight";
				INFOPLIST_KEY_UISupportedInterfaceOrientations_iPhone = "UIInterfaceOrientationPortrait UIInterfaceOrientationLandscapeLeft UIInterfaceOrientationLandscapeRight";
				IPHONEOS_DEPLOYMENT_TARGET = 16.0;
				LD_RUNPATH_SEARCH_PATHS = (
					"$(inherited)",
					"@executable_path/Frameworks",
				);
				MARKETING_VERSION = 1.0;
				PRODUCT_BUNDLE_IDENTIFIER = com.hyunjun.Tyler;
				PRODUCT_NAME = "$(TARGET_NAME)";
				SWIFT_EMIT_LOC_STRINGS = YES;
				SWIFT_VERSION = 5.0;
				TARGETED_DEVICE_FAMILY = "1,2";
			};
			name = Debug;
		};
		F013F3C82ACE96FE00423AFF /* Release */ = {
			isa = XCBuildConfiguration;
			buildSettings = {
				ASSETCATALOG_COMPILER_APPICON_NAME = AppIcon;
				ASSETCATALOG_COMPILER_GLOBAL_ACCENT_COLOR_NAME = AccentColor;
				CODE_SIGN_STYLE = Automatic;
				CURRENT_PROJECT_VERSION = 1;
				DEVELOPMENT_ASSET_PATHS = "\"Tyler/Preview Content\"";
				DEVELOPMENT_TEAM = 77745NX67K;
				DOCC_HOSTING_BASE_PATH = Baseline;
				ENABLE_PREVIEWS = YES;
				GENERATE_INFOPLIST_FILE = YES;
				INFOPLIST_KEY_UIApplicationSceneManifest_Generation = YES;
				INFOPLIST_KEY_UIApplicationSupportsIndirectInputEvents = YES;
				INFOPLIST_KEY_UILaunchScreen_Generation = YES;
				INFOPLIST_KEY_UISupportedInterfaceOrientations_iPad = "UIInterfaceOrientationPortrait UIInterfaceOrientationPortraitUpsideDown UIInterfaceOrientationLandscapeLeft UIInterfaceOrientationLandscapeRight";
				INFOPLIST_KEY_UISupportedInterfaceOrientations_iPhone = "UIInterfaceOrientationPortrait UIInterfaceOrientationLandscapeLeft UIInterfaceOrientationLandscapeRight";
				IPHONEOS_DEPLOYMENT_TARGET = 16.0;
				LD_RUNPATH_SEARCH_PATHS = (
					"$(inherited)",
					"@executable_path/Frameworks",
				);
				MARKETING_VERSION = 1.0;
				PRODUCT_BUNDLE_IDENTIFIER = com.hyunjun.Tyler;
				PRODUCT_NAME = "$(TARGET_NAME)";
				SWIFT_EMIT_LOC_STRINGS = YES;
				SWIFT_VERSION = 5.0;
				TARGETED_DEVICE_FAMILY = "1,2";
			};
			name = Release;
		};
/* End XCBuildConfiguration section */

/* Begin XCConfigurationList section */
		F013F3B32ACE96FB00423AFF /* Build configuration list for PBXProject "Tyler" */ = {
			isa = XCConfigurationList;
			buildConfigurations = (
				F013F3C42ACE96FE00423AFF /* Debug */,
				F013F3C52ACE96FE00423AFF /* Release */,
			);
			defaultConfigurationIsVisible = 0;
			defaultConfigurationName = Release;
		};
		F013F3C62ACE96FE00423AFF /* Build configuration list for PBXNativeTarget "Tyler" */ = {
			isa = XCConfigurationList;
			buildConfigurations = (
				F013F3C72ACE96FE00423AFF /* Debug */,
				F013F3C82ACE96FE00423AFF /* Release */,
			);
			defaultConfigurationIsVisible = 0;
			defaultConfigurationName = Release;
		};
/* End XCConfigurationList section */
	};
	rootObject = F013F3B02ACE96FB00423AFF /* Project object */;
}
