// !$*UTF8*$!
{
	archiveVersion = 1;
	classes = {
	};
	objectVersion = 56;
	objects = {

/* Begin PBXBuildFile section */
		95C2DE5A2AD134DF00600202 /* LoginView.swift in Sources */ = {isa = PBXBuildFile; fileRef = 95C2DE592AD134DF00600202 /* LoginView.swift */; };
		95C2DE5D2AD13C4200600202 /* LoginAppleButton.swift in Sources */ = {isa = PBXBuildFile; fileRef = 95C2DE5C2AD13C4200600202 /* LoginAppleButton.swift */; };
		95C2DE5F2AD141CC00600202 /* LoginKakaoButton.swift in Sources */ = {isa = PBXBuildFile; fileRef = 95C2DE5E2AD141CC00600202 /* LoginKakaoButton.swift */; };
		95C2DE622AD1455500600202 /* KakaoSDK in Frameworks */ = {isa = PBXBuildFile; productRef = 95C2DE612AD1455500600202 /* KakaoSDK */; };
		95C2DE642AD1455500600202 /* KakaoSDKAuth in Frameworks */ = {isa = PBXBuildFile; productRef = 95C2DE632AD1455500600202 /* KakaoSDKAuth */; };
		95C2DE662AD1455500600202 /* KakaoSDKCert in Frameworks */ = {isa = PBXBuildFile; productRef = 95C2DE652AD1455500600202 /* KakaoSDKCert */; };
		95C2DE682AD1455500600202 /* KakaoSDKCertCore in Frameworks */ = {isa = PBXBuildFile; productRef = 95C2DE672AD1455500600202 /* KakaoSDKCertCore */; };
		95C2DE6A2AD1455500600202 /* KakaoSDKCommon in Frameworks */ = {isa = PBXBuildFile; productRef = 95C2DE692AD1455500600202 /* KakaoSDKCommon */; };
		95C2DF182AD3C6D900600202 /* CoreDataView.swift in Sources */ = {isa = PBXBuildFile; fileRef = 95C2DF172AD3C6D900600202 /* CoreDataView.swift */; };
		95C2DF1C2AD3C82800600202 /* TestModel.xcdatamodeld in Sources */ = {isa = PBXBuildFile; fileRef = 95C2DF1A2AD3C82800600202 /* TestModel.xcdatamodeld */; };
		95C2DF1E2AD3CA4300600202 /* TestModel.swift in Sources */ = {isa = PBXBuildFile; fileRef = 95C2DF1D2AD3CA4300600202 /* TestModel.swift */; };
		F013F3D62ACE973500423AFF /* AustinApp.swift in Sources */ = {isa = PBXBuildFile; fileRef = F013F3D52ACE973500423AFF /* AustinApp.swift */; };
		F013F3D82ACE973500423AFF /* ContentView.swift in Sources */ = {isa = PBXBuildFile; fileRef = F013F3D72ACE973500423AFF /* ContentView.swift */; };
		F013F3DA2ACE973600423AFF /* Assets.xcassets in Resources */ = {isa = PBXBuildFile; fileRef = F013F3D92ACE973600423AFF /* Assets.xcassets */; };
		F013F3DD2ACE973600423AFF /* Preview Assets.xcassets in Resources */ = {isa = PBXBuildFile; fileRef = F013F3DC2ACE973600423AFF /* Preview Assets.xcassets */; };
/* End PBXBuildFile section */

/* Begin PBXFileReference section */
		95C2DE592AD134DF00600202 /* LoginView.swift */ = {isa = PBXFileReference; lastKnownFileType = sourcecode.swift; path = LoginView.swift; sourceTree = "<group>"; };
		95C2DE5B2AD1396300600202 /* Austin.entitlements */ = {isa = PBXFileReference; lastKnownFileType = text.plist.entitlements; path = Austin.entitlements; sourceTree = "<group>"; };
		95C2DE5C2AD13C4200600202 /* LoginAppleButton.swift */ = {isa = PBXFileReference; lastKnownFileType = sourcecode.swift; path = LoginAppleButton.swift; sourceTree = "<group>"; };
		95C2DE5E2AD141CC00600202 /* LoginKakaoButton.swift */ = {isa = PBXFileReference; lastKnownFileType = sourcecode.swift; path = LoginKakaoButton.swift; sourceTree = "<group>"; };
		95C2DE6B2AD15FDF00600202 /* Info.plist */ = {isa = PBXFileReference; lastKnownFileType = text.plist; path = Info.plist; sourceTree = "<group>"; };
		95C2DE6D2AD163A800600202 /* Config.xcconfig */ = {isa = PBXFileReference; lastKnownFileType = text.xcconfig; path = Config.xcconfig; sourceTree = "<group>"; };
		95C2DF172AD3C6D900600202 /* CoreDataView.swift */ = {isa = PBXFileReference; lastKnownFileType = sourcecode.swift; path = CoreDataView.swift; sourceTree = "<group>"; };
		95C2DF1B2AD3C82800600202 /* TestModel.xcdatamodel */ = {isa = PBXFileReference; lastKnownFileType = wrapper.xcdatamodel; path = TestModel.xcdatamodel; sourceTree = "<group>"; };
		95C2DF1D2AD3CA4300600202 /* TestModel.swift */ = {isa = PBXFileReference; lastKnownFileType = sourcecode.swift; path = TestModel.swift; sourceTree = "<group>"; };
		F013F3D22ACE973500423AFF /* Austin.app */ = {isa = PBXFileReference; explicitFileType = wrapper.application; includeInIndex = 0; path = Austin.app; sourceTree = BUILT_PRODUCTS_DIR; };
		F013F3D52ACE973500423AFF /* AustinApp.swift */ = {isa = PBXFileReference; lastKnownFileType = sourcecode.swift; path = AustinApp.swift; sourceTree = "<group>"; };
		F013F3D72ACE973500423AFF /* ContentView.swift */ = {isa = PBXFileReference; lastKnownFileType = sourcecode.swift; path = ContentView.swift; sourceTree = "<group>"; };
		F013F3D92ACE973600423AFF /* Assets.xcassets */ = {isa = PBXFileReference; lastKnownFileType = folder.assetcatalog; path = Assets.xcassets; sourceTree = "<group>"; };
		F013F3DC2ACE973600423AFF /* Preview Assets.xcassets */ = {isa = PBXFileReference; lastKnownFileType = folder.assetcatalog; path = "Preview Assets.xcassets"; sourceTree = "<group>"; };
/* End PBXFileReference section */

/* Begin PBXFrameworksBuildPhase section */
		F013F3CF2ACE973500423AFF /* Frameworks */ = {
			isa = PBXFrameworksBuildPhase;
			buildActionMask = 2147483647;
			files = (
				95C2DE682AD1455500600202 /* KakaoSDKCertCore in Frameworks */,
				95C2DE662AD1455500600202 /* KakaoSDKCert in Frameworks */,
				95C2DE622AD1455500600202 /* KakaoSDK in Frameworks */,
				95C2DE6A2AD1455500600202 /* KakaoSDKCommon in Frameworks */,
				95C2DE642AD1455500600202 /* KakaoSDKAuth in Frameworks */,
			);
			runOnlyForDeploymentPostprocessing = 0;
		};
/* End PBXFrameworksBuildPhase section */

/* Begin PBXGroup section */
		95C2DE552AD1349B00600202 /* Resources */ = {
			isa = PBXGroup;
			children = (
				F013F3D92ACE973600423AFF /* Assets.xcassets */,
				95C2DE6D2AD163A800600202 /* Config.xcconfig */,
			);
			path = Resources;
			sourceTree = "<group>";
		};
		95C2DE562AD134A500600202 /* Sources */ = {
			isa = PBXGroup;
			children = (
				F013F3D52ACE973500423AFF /* AustinApp.swift */,
				F013F3D72ACE973500423AFF /* ContentView.swift */,
				95C2DF152AD3C6BD00600202 /* CoreData */,
				95C2DE582AD134B900600202 /* Login */,
			);
			path = Sources;
			sourceTree = "<group>";
		};
		95C2DE572AD134B300600202 /* View */ = {
			isa = PBXGroup;
			children = (
				95C2DE592AD134DF00600202 /* LoginView.swift */,
				95C2DE5C2AD13C4200600202 /* LoginAppleButton.swift */,
				95C2DE5E2AD141CC00600202 /* LoginKakaoButton.swift */,
			);
			path = View;
			sourceTree = "<group>";
		};
		95C2DE582AD134B900600202 /* Login */ = {
			isa = PBXGroup;
			children = (
				95C2DE572AD134B300600202 /* View */,
			);
			path = Login;
			sourceTree = "<group>";
		};
		95C2DF152AD3C6BD00600202 /* CoreData */ = {
			isa = PBXGroup;
			children = (
				95C2DF192AD3C81500600202 /* Model */,
				95C2DF162AD3C6CD00600202 /* View */,
			);
			path = CoreData;
			sourceTree = "<group>";
		};
		95C2DF162AD3C6CD00600202 /* View */ = {
			isa = PBXGroup;
			children = (
				95C2DF172AD3C6D900600202 /* CoreDataView.swift */,
			);
			path = View;
			sourceTree = "<group>";
		};
		95C2DF192AD3C81500600202 /* Model */ = {
			isa = PBXGroup;
			children = (
				95C2DF1A2AD3C82800600202 /* TestModel.xcdatamodeld */,
				95C2DF1D2AD3CA4300600202 /* TestModel.swift */,
			);
			path = Model;
			sourceTree = "<group>";
		};
		F013F3C92ACE973500423AFF = {
			isa = PBXGroup;
			children = (
				F013F3D42ACE973500423AFF /* Austin */,
				F013F3D32ACE973500423AFF /* Products */,
			);
			sourceTree = "<group>";
		};
		F013F3D32ACE973500423AFF /* Products */ = {
			isa = PBXGroup;
			children = (
				F013F3D22ACE973500423AFF /* Austin.app */,
			);
			name = Products;
			sourceTree = "<group>";
		};
		F013F3D42ACE973500423AFF /* Austin */ = {
			isa = PBXGroup;
			children = (
				95C2DE6B2AD15FDF00600202 /* Info.plist */,
				95C2DE5B2AD1396300600202 /* Austin.entitlements */,
				95C2DE562AD134A500600202 /* Sources */,
				95C2DE552AD1349B00600202 /* Resources */,
				F013F3DB2ACE973600423AFF /* Preview Content */,
			);
			path = Austin;
			sourceTree = "<group>";
		};
		F013F3DB2ACE973600423AFF /* Preview Content */ = {
			isa = PBXGroup;
			children = (
				F013F3DC2ACE973600423AFF /* Preview Assets.xcassets */,
			);
			path = "Preview Content";
			sourceTree = "<group>";
		};
/* End PBXGroup section */

/* Begin PBXNativeTarget section */
		F013F3D12ACE973500423AFF /* Austin */ = {
			isa = PBXNativeTarget;
			buildConfigurationList = F013F3E02ACE973600423AFF /* Build configuration list for PBXNativeTarget "Austin" */;
			buildPhases = (
				F013F3CE2ACE973500423AFF /* Sources */,
				F013F3CF2ACE973500423AFF /* Frameworks */,
				F013F3D02ACE973500423AFF /* Resources */,
			);
			buildRules = (
			);
			dependencies = (
			);
			name = Austin;
			packageProductDependencies = (
				95C2DE612AD1455500600202 /* KakaoSDK */,
				95C2DE632AD1455500600202 /* KakaoSDKAuth */,
				95C2DE652AD1455500600202 /* KakaoSDKCert */,
				95C2DE672AD1455500600202 /* KakaoSDKCertCore */,
				95C2DE692AD1455500600202 /* KakaoSDKCommon */,
			);
			productName = Austin;
			productReference = F013F3D22ACE973500423AFF /* Austin.app */;
			productType = "com.apple.product-type.application";
		};
/* End PBXNativeTarget section */

/* Begin PBXProject section */
		F013F3CA2ACE973500423AFF /* Project object */ = {
			isa = PBXProject;
			attributes = {
				BuildIndependentTargetsInParallel = 1;
				LastSwiftUpdateCheck = 1500;
				LastUpgradeCheck = 1500;
				TargetAttributes = {
					F013F3D12ACE973500423AFF = {
						CreatedOnToolsVersion = 15.0;
					};
				};
			};
			buildConfigurationList = F013F3CD2ACE973500423AFF /* Build configuration list for PBXProject "Austin" */;
			compatibilityVersion = "Xcode 14.0";
			developmentRegion = en;
			hasScannedForEncodings = 0;
			knownRegions = (
				en,
				Base,
			);
			mainGroup = F013F3C92ACE973500423AFF;
			packageReferences = (
				95C2DE602AD1455500600202 /* XCRemoteSwiftPackageReference "kakao-ios-sdk" */,
			);
			productRefGroup = F013F3D32ACE973500423AFF /* Products */;
			projectDirPath = "";
			projectRoot = "";
			targets = (
				F013F3D12ACE973500423AFF /* Austin */,
			);
		};
/* End PBXProject section */

/* Begin PBXResourcesBuildPhase section */
		F013F3D02ACE973500423AFF /* Resources */ = {
			isa = PBXResourcesBuildPhase;
			buildActionMask = 2147483647;
			files = (
				F013F3DD2ACE973600423AFF /* Preview Assets.xcassets in Resources */,
				F013F3DA2ACE973600423AFF /* Assets.xcassets in Resources */,
			);
			runOnlyForDeploymentPostprocessing = 0;
		};
/* End PBXResourcesBuildPhase section */

/* Begin PBXSourcesBuildPhase section */
		F013F3CE2ACE973500423AFF /* Sources */ = {
			isa = PBXSourcesBuildPhase;
			buildActionMask = 2147483647;
			files = (
				95C2DF1C2AD3C82800600202 /* TestModel.xcdatamodeld in Sources */,
				95C2DE5F2AD141CC00600202 /* LoginKakaoButton.swift in Sources */,
				95C2DE5A2AD134DF00600202 /* LoginView.swift in Sources */,
				95C2DF1E2AD3CA4300600202 /* TestModel.swift in Sources */,
				95C2DE5D2AD13C4200600202 /* LoginAppleButton.swift in Sources */,
				F013F3D82ACE973500423AFF /* ContentView.swift in Sources */,
				F013F3D62ACE973500423AFF /* AustinApp.swift in Sources */,
				95C2DF182AD3C6D900600202 /* CoreDataView.swift in Sources */,
			);
			runOnlyForDeploymentPostprocessing = 0;
		};
/* End PBXSourcesBuildPhase section */

/* Begin XCBuildConfiguration section */
		F013F3DE2ACE973600423AFF /* Debug */ = {
			isa = XCBuildConfiguration;
			buildSettings = {
				ALWAYS_SEARCH_USER_PATHS = NO;
				ASSETCATALOG_COMPILER_GENERATE_SWIFT_ASSET_SYMBOL_EXTENSIONS = YES;
				CLANG_ANALYZER_NONNULL = YES;
				CLANG_ANALYZER_NUMBER_OBJECT_CONVERSION = YES_AGGRESSIVE;
				CLANG_CXX_LANGUAGE_STANDARD = "gnu++20";
				CLANG_ENABLE_MODULES = YES;
				CLANG_ENABLE_OBJC_ARC = YES;
				CLANG_ENABLE_OBJC_WEAK = YES;
				CLANG_WARN_BLOCK_CAPTURE_AUTORELEASING = YES;
				CLANG_WARN_BOOL_CONVERSION = YES;
				CLANG_WARN_COMMA = YES;
				CLANG_WARN_CONSTANT_CONVERSION = YES;
				CLANG_WARN_DEPRECATED_OBJC_IMPLEMENTATIONS = YES;
				CLANG_WARN_DIRECT_OBJC_ISA_USAGE = YES_ERROR;
				CLANG_WARN_DOCUMENTATION_COMMENTS = YES;
				CLANG_WARN_EMPTY_BODY = YES;
				CLANG_WARN_ENUM_CONVERSION = YES;
				CLANG_WARN_INFINITE_RECURSION = YES;
				CLANG_WARN_INT_CONVERSION = YES;
				CLANG_WARN_NON_LITERAL_NULL_CONVERSION = YES;
				CLANG_WARN_OBJC_IMPLICIT_RETAIN_SELF = YES;
				CLANG_WARN_OBJC_LITERAL_CONVERSION = YES;
				CLANG_WARN_OBJC_ROOT_CLASS = YES_ERROR;
				CLANG_WARN_QUOTED_INCLUDE_IN_FRAMEWORK_HEADER = YES;
				CLANG_WARN_RANGE_LOOP_ANALYSIS = YES;
				CLANG_WARN_STRICT_PROTOTYPES = YES;
				CLANG_WARN_SUSPICIOUS_MOVE = YES;
				CLANG_WARN_UNGUARDED_AVAILABILITY = YES_AGGRESSIVE;
				CLANG_WARN_UNREACHABLE_CODE = YES;
				CLANG_WARN__DUPLICATE_METHOD_MATCH = YES;
				COPY_PHASE_STRIP = NO;
				DEBUG_INFORMATION_FORMAT = dwarf;
				ENABLE_STRICT_OBJC_MSGSEND = YES;
				ENABLE_TESTABILITY = YES;
				ENABLE_USER_SCRIPT_SANDBOXING = YES;
				GCC_C_LANGUAGE_STANDARD = gnu17;
				GCC_DYNAMIC_NO_PIC = NO;
				GCC_NO_COMMON_BLOCKS = YES;
				GCC_OPTIMIZATION_LEVEL = 0;
				GCC_PREPROCESSOR_DEFINITIONS = (
					"DEBUG=1",
					"$(inherited)",
				);
				GCC_WARN_64_TO_32_BIT_CONVERSION = YES;
				GCC_WARN_ABOUT_RETURN_TYPE = YES_ERROR;
				GCC_WARN_UNDECLARED_SELECTOR = YES;
				GCC_WARN_UNINITIALIZED_AUTOS = YES_AGGRESSIVE;
				GCC_WARN_UNUSED_FUNCTION = YES;
				GCC_WARN_UNUSED_VARIABLE = YES;
				IPHONEOS_DEPLOYMENT_TARGET = 17.0;
				LOCALIZATION_PREFERS_STRING_CATALOGS = YES;
				MTL_ENABLE_DEBUG_INFO = INCLUDE_SOURCE;
				MTL_FAST_MATH = YES;
				ONLY_ACTIVE_ARCH = YES;
				SDKROOT = iphoneos;
				SWIFT_ACTIVE_COMPILATION_CONDITIONS = "DEBUG $(inherited)";
				SWIFT_OPTIMIZATION_LEVEL = "-Onone";
			};
			name = Debug;
		};
		F013F3DF2ACE973600423AFF /* Release */ = {
			isa = XCBuildConfiguration;
			buildSettings = {
				ALWAYS_SEARCH_USER_PATHS = NO;
				ASSETCATALOG_COMPILER_GENERATE_SWIFT_ASSET_SYMBOL_EXTENSIONS = YES;
				CLANG_ANALYZER_NONNULL = YES;
				CLANG_ANALYZER_NUMBER_OBJECT_CONVERSION = YES_AGGRESSIVE;
				CLANG_CXX_LANGUAGE_STANDARD = "gnu++20";
				CLANG_ENABLE_MODULES = YES;
				CLANG_ENABLE_OBJC_ARC = YES;
				CLANG_ENABLE_OBJC_WEAK = YES;
				CLANG_WARN_BLOCK_CAPTURE_AUTORELEASING = YES;
				CLANG_WARN_BOOL_CONVERSION = YES;
				CLANG_WARN_COMMA = YES;
				CLANG_WARN_CONSTANT_CONVERSION = YES;
				CLANG_WARN_DEPRECATED_OBJC_IMPLEMENTATIONS = YES;
				CLANG_WARN_DIRECT_OBJC_ISA_USAGE = YES_ERROR;
				CLANG_WARN_DOCUMENTATION_COMMENTS = YES;
				CLANG_WARN_EMPTY_BODY = YES;
				CLANG_WARN_ENUM_CONVERSION = YES;
				CLANG_WARN_INFINITE_RECURSION = YES;
				CLANG_WARN_INT_CONVERSION = YES;
				CLANG_WARN_NON_LITERAL_NULL_CONVERSION = YES;
				CLANG_WARN_OBJC_IMPLICIT_RETAIN_SELF = YES;
				CLANG_WARN_OBJC_LITERAL_CONVERSION = YES;
				CLANG_WARN_OBJC_ROOT_CLASS = YES_ERROR;
				CLANG_WARN_QUOTED_INCLUDE_IN_FRAMEWORK_HEADER = YES;
				CLANG_WARN_RANGE_LOOP_ANALYSIS = YES;
				CLANG_WARN_STRICT_PROTOTYPES = YES;
				CLANG_WARN_SUSPICIOUS_MOVE = YES;
				CLANG_WARN_UNGUARDED_AVAILABILITY = YES_AGGRESSIVE;
				CLANG_WARN_UNREACHABLE_CODE = YES;
				CLANG_WARN__DUPLICATE_METHOD_MATCH = YES;
				COPY_PHASE_STRIP = NO;
				DEBUG_INFORMATION_FORMAT = "dwarf-with-dsym";
				ENABLE_NS_ASSERTIONS = NO;
				ENABLE_STRICT_OBJC_MSGSEND = YES;
				ENABLE_USER_SCRIPT_SANDBOXING = YES;
				GCC_C_LANGUAGE_STANDARD = gnu17;
				GCC_NO_COMMON_BLOCKS = YES;
				GCC_WARN_64_TO_32_BIT_CONVERSION = YES;
				GCC_WARN_ABOUT_RETURN_TYPE = YES_ERROR;
				GCC_WARN_UNDECLARED_SELECTOR = YES;
				GCC_WARN_UNINITIALIZED_AUTOS = YES_AGGRESSIVE;
				GCC_WARN_UNUSED_FUNCTION = YES;
				GCC_WARN_UNUSED_VARIABLE = YES;
				IPHONEOS_DEPLOYMENT_TARGET = 17.0;
				LOCALIZATION_PREFERS_STRING_CATALOGS = YES;
				MTL_ENABLE_DEBUG_INFO = NO;
				MTL_FAST_MATH = YES;
				SDKROOT = iphoneos;
				SWIFT_COMPILATION_MODE = wholemodule;
				VALIDATE_PRODUCT = YES;
			};
			name = Release;
		};
		F013F3E12ACE973600423AFF /* Debug */ = {
			isa = XCBuildConfiguration;
			baseConfigurationReference = 95C2DE6D2AD163A800600202 /* Config.xcconfig */;
			buildSettings = {
				ASSETCATALOG_COMPILER_APPICON_NAME = AppIcon;
				ASSETCATALOG_COMPILER_GLOBAL_ACCENT_COLOR_NAME = AccentColor;
				CODE_SIGN_ENTITLEMENTS = Austin/Austin.entitlements;
				CODE_SIGN_STYLE = Automatic;
				CURRENT_PROJECT_VERSION = 1;
				DEVELOPMENT_ASSET_PATHS = "\"Austin/Preview Content\"";
				DEVELOPMENT_TEAM = 333J2S2AQK;
				ENABLE_PREVIEWS = YES;
				GENERATE_INFOPLIST_FILE = YES;
				INFOPLIST_FILE = Austin/Info.plist;
				INFOPLIST_KEY_LSApplicationCategoryType = "public.app-category.sports";
				INFOPLIST_KEY_UIApplicationSceneManifest_Generation = YES;
				INFOPLIST_KEY_UIApplicationSupportsIndirectInputEvents = YES;
				INFOPLIST_KEY_UILaunchScreen_Generation = YES;
				INFOPLIST_KEY_UISupportedInterfaceOrientations_iPad = "UIInterfaceOrientationPortrait UIInterfaceOrientationPortraitUpsideDown UIInterfaceOrientationLandscapeLeft UIInterfaceOrientationLandscapeRight";
				INFOPLIST_KEY_UISupportedInterfaceOrientations_iPhone = "UIInterfaceOrientationPortrait UIInterfaceOrientationLandscapeLeft UIInterfaceOrientationLandscapeRight";
				LD_RUNPATH_SEARCH_PATHS = (
					"$(inherited)",
					"@executable_path/Frameworks",
				);
				MARKETING_VERSION = 1.0;
				PRODUCT_BUNDLE_IDENTIFIER = com.outline.baseline.austin;
				PRODUCT_NAME = "$(TARGET_NAME)";
				SWIFT_EMIT_LOC_STRINGS = YES;
				SWIFT_VERSION = 5.0;
				TARGETED_DEVICE_FAMILY = "1,2";
			};
			name = Debug;
		};
		F013F3E22ACE973600423AFF /* Release */ = {
			isa = XCBuildConfiguration;
			baseConfigurationReference = 95C2DE6D2AD163A800600202 /* Config.xcconfig */;
			buildSettings = {
				ASSETCATALOG_COMPILER_APPICON_NAME = AppIcon;
				ASSETCATALOG_COMPILER_GLOBAL_ACCENT_COLOR_NAME = AccentColor;
				CODE_SIGN_ENTITLEMENTS = Austin/Austin.entitlements;
				CODE_SIGN_STYLE = Automatic;
				CURRENT_PROJECT_VERSION = 1;
				DEVELOPMENT_ASSET_PATHS = "\"Austin/Preview Content\"";
				DEVELOPMENT_TEAM = 333J2S2AQK;
				ENABLE_PREVIEWS = YES;
				GENERATE_INFOPLIST_FILE = YES;
				INFOPLIST_FILE = Austin/Info.plist;
				INFOPLIST_KEY_LSApplicationCategoryType = "public.app-category.sports";
				INFOPLIST_KEY_UIApplicationSceneManifest_Generation = YES;
				INFOPLIST_KEY_UIApplicationSupportsIndirectInputEvents = YES;
				INFOPLIST_KEY_UILaunchScreen_Generation = YES;
				INFOPLIST_KEY_UISupportedInterfaceOrientations_iPad = "UIInterfaceOrientationPortrait UIInterfaceOrientationPortraitUpsideDown UIInterfaceOrientationLandscapeLeft UIInterfaceOrientationLandscapeRight";
				INFOPLIST_KEY_UISupportedInterfaceOrientations_iPhone = "UIInterfaceOrientationPortrait UIInterfaceOrientationLandscapeLeft UIInterfaceOrientationLandscapeRight";
				LD_RUNPATH_SEARCH_PATHS = (
					"$(inherited)",
					"@executable_path/Frameworks",
				);
				MARKETING_VERSION = 1.0;
				PRODUCT_BUNDLE_IDENTIFIER = com.outline.baseline.austin;
				PRODUCT_NAME = "$(TARGET_NAME)";
				SWIFT_EMIT_LOC_STRINGS = YES;
				SWIFT_VERSION = 5.0;
				TARGETED_DEVICE_FAMILY = "1,2";
			};
			name = Release;
		};
/* End XCBuildConfiguration section */

/* Begin XCConfigurationList section */
		F013F3CD2ACE973500423AFF /* Build configuration list for PBXProject "Austin" */ = {
			isa = XCConfigurationList;
			buildConfigurations = (
				F013F3DE2ACE973600423AFF /* Debug */,
				F013F3DF2ACE973600423AFF /* Release */,
			);
			defaultConfigurationIsVisible = 0;
			defaultConfigurationName = Release;
		};
		F013F3E02ACE973600423AFF /* Build configuration list for PBXNativeTarget "Austin" */ = {
			isa = XCConfigurationList;
			buildConfigurations = (
				F013F3E12ACE973600423AFF /* Debug */,
				F013F3E22ACE973600423AFF /* Release */,
			);
			defaultConfigurationIsVisible = 0;
			defaultConfigurationName = Release;
		};
/* End XCConfigurationList section */

/* Begin XCRemoteSwiftPackageReference section */
		95C2DE602AD1455500600202 /* XCRemoteSwiftPackageReference "kakao-ios-sdk" */ = {
			isa = XCRemoteSwiftPackageReference;
			repositoryURL = "https://github.com/kakao/kakao-ios-sdk";
			requirement = {
				branch = master;
				kind = branch;
			};
		};
/* End XCRemoteSwiftPackageReference section */

/* Begin XCSwiftPackageProductDependency section */
		95C2DE612AD1455500600202 /* KakaoSDK */ = {
			isa = XCSwiftPackageProductDependency;
			package = 95C2DE602AD1455500600202 /* XCRemoteSwiftPackageReference "kakao-ios-sdk" */;
			productName = KakaoSDK;
		};
		95C2DE632AD1455500600202 /* KakaoSDKAuth */ = {
			isa = XCSwiftPackageProductDependency;
			package = 95C2DE602AD1455500600202 /* XCRemoteSwiftPackageReference "kakao-ios-sdk" */;
			productName = KakaoSDKAuth;
		};
		95C2DE652AD1455500600202 /* KakaoSDKCert */ = {
			isa = XCSwiftPackageProductDependency;
			package = 95C2DE602AD1455500600202 /* XCRemoteSwiftPackageReference "kakao-ios-sdk" */;
			productName = KakaoSDKCert;
		};
		95C2DE672AD1455500600202 /* KakaoSDKCertCore */ = {
			isa = XCSwiftPackageProductDependency;
			package = 95C2DE602AD1455500600202 /* XCRemoteSwiftPackageReference "kakao-ios-sdk" */;
			productName = KakaoSDKCertCore;
		};
		95C2DE692AD1455500600202 /* KakaoSDKCommon */ = {
			isa = XCSwiftPackageProductDependency;
			package = 95C2DE602AD1455500600202 /* XCRemoteSwiftPackageReference "kakao-ios-sdk" */;
			productName = KakaoSDKCommon;
		};
/* End XCSwiftPackageProductDependency section */

/* Begin XCVersionGroup section */
		95C2DF1A2AD3C82800600202 /* TestModel.xcdatamodeld */ = {
			isa = XCVersionGroup;
			children = (
				95C2DF1B2AD3C82800600202 /* TestModel.xcdatamodel */,
			);
			currentVersion = 95C2DF1B2AD3C82800600202 /* TestModel.xcdatamodel */;
			path = TestModel.xcdatamodeld;
			sourceTree = "<group>";
			versionGroupType = wrapper.xcdatamodel;
		};
/* End XCVersionGroup section */
	};
	rootObject = F013F3CA2ACE973500423AFF /* Project object */;
}
